// !$*UTF8*$!
{
	archiveVersion = 1;
	classes = {
	};
	objectVersion = 56;
	objects = {

/* Begin PBXBuildFile section */
		2F3158052BF91F44006E2968 /* FooterReusableView.swift in Sources */ = {isa = PBXBuildFile; fileRef = 2F3158032BF91F44006E2968 /* FooterReusableView.swift */; };
		2F3158082BF927DF006E2968 /* UserViewModel.swift in Sources */ = {isa = PBXBuildFile; fileRef = 2F3158072BF927DF006E2968 /* UserViewModel.swift */; };
		2F31580A2BF927EF006E2968 /* UserDetailsViewModel.swift in Sources */ = {isa = PBXBuildFile; fileRef = 2F3158092BF927EF006E2968 /* UserDetailsViewModel.swift */; };
		2F31580C2BF92801006E2968 /* UserFollowersViewModel.swift in Sources */ = {isa = PBXBuildFile; fileRef = 2F31580B2BF92801006E2968 /* UserFollowersViewModel.swift */; };
		2F71D47A2BECF1E50051E211 /* Client.swift in Sources */ = {isa = PBXBuildFile; fileRef = 2F71D4792BECF1E50051E211 /* Client.swift */; };
		2F82C0422BE8094F001B9194 /* FollowersCollectionViewCell.swift in Sources */ = {isa = PBXBuildFile; fileRef = 2F82C0402BE8094F001B9194 /* FollowersCollectionViewCell.swift */; };
		2F82C0432BE8094F001B9194 /* FollowersCollectionViewCell.xib in Resources */ = {isa = PBXBuildFile; fileRef = 2F82C0412BE8094F001B9194 /* FollowersCollectionViewCell.xib */; };
		2F82C0452BE81514001B9194 /* GithubFollowerModel.swift in Sources */ = {isa = PBXBuildFile; fileRef = 2F82C0442BE81514001B9194 /* GithubFollowerModel.swift */; };
		2F89B54F2BE3AF64002A2EEE /* GithubUserModel.swift in Sources */ = {isa = PBXBuildFile; fileRef = 2F89B54E2BE3AF64002A2EEE /* GithubUserModel.swift */; };
		2F89B5512BE3BB6F002A2EEE /* GithubError.swift in Sources */ = {isa = PBXBuildFile; fileRef = 2F89B5502BE3BB6F002A2EEE /* GithubError.swift */; };
		2F89B5542BE6B7DB002A2EEE /* PopUpViewController.swift in Sources */ = {isa = PBXBuildFile; fileRef = 2F89B5522BE6B7DB002A2EEE /* PopUpViewController.swift */; };
		2F89B5552BE6B7DB002A2EEE /* PopUpViewController.xib in Resources */ = {isa = PBXBuildFile; fileRef = 2F89B5532BE6B7DB002A2EEE /* PopUpViewController.xib */; };
		2F9C7AFA2BE0D9CF0099F79C /* UserFollowersViewController.swift in Sources */ = {isa = PBXBuildFile; fileRef = 2F9C7AF92BE0D9CF0099F79C /* UserFollowersViewController.swift */; };
		2FA1955E2BFBD17E00996587 /* FollowersCellUIModel.swift in Sources */ = {isa = PBXBuildFile; fileRef = 2FA1955D2BFBD17E00996587 /* FollowersCellUIModel.swift */; };
		2FD372AB2BDA3BD70090A1B8 /* AppDelegate.swift in Sources */ = {isa = PBXBuildFile; fileRef = 2FD372AA2BDA3BD70090A1B8 /* AppDelegate.swift */; };
		2FD372AD2BDA3BD70090A1B8 /* SceneDelegate.swift in Sources */ = {isa = PBXBuildFile; fileRef = 2FD372AC2BDA3BD70090A1B8 /* SceneDelegate.swift */; };
		2FD372AF2BDA3BD70090A1B8 /* UserViewController.swift in Sources */ = {isa = PBXBuildFile; fileRef = 2FD372AE2BDA3BD70090A1B8 /* UserViewController.swift */; };
		2FD372B22BDA3BD70090A1B8 /* Main.storyboard in Resources */ = {isa = PBXBuildFile; fileRef = 2FD372B02BDA3BD70090A1B8 /* Main.storyboard */; };
		2FD372B42BDA3BD80090A1B8 /* Assets.xcassets in Resources */ = {isa = PBXBuildFile; fileRef = 2FD372B32BDA3BD80090A1B8 /* Assets.xcassets */; };
		2FD372B72BDA3BD80090A1B8 /* LaunchScreen.storyboard in Resources */ = {isa = PBXBuildFile; fileRef = 2FD372B52BDA3BD80090A1B8 /* LaunchScreen.storyboard */; };
		2FD372BF2BDA58410090A1B8 /* UserDetailsViewController.swift in Sources */ = {isa = PBXBuildFile; fileRef = 2FD372BE2BDA58410090A1B8 /* UserDetailsViewController.swift */; };
/* End PBXBuildFile section */

/* Begin PBXFileReference section */
		2F3158032BF91F44006E2968 /* FooterReusableView.swift */ = {isa = PBXFileReference; lastKnownFileType = sourcecode.swift; path = FooterReusableView.swift; sourceTree = "<group>"; };
		2F3158072BF927DF006E2968 /* UserViewModel.swift */ = {isa = PBXFileReference; lastKnownFileType = sourcecode.swift; path = UserViewModel.swift; sourceTree = "<group>"; };
		2F3158092BF927EF006E2968 /* UserDetailsViewModel.swift */ = {isa = PBXFileReference; lastKnownFileType = sourcecode.swift; path = UserDetailsViewModel.swift; sourceTree = "<group>"; };
		2F31580B2BF92801006E2968 /* UserFollowersViewModel.swift */ = {isa = PBXFileReference; lastKnownFileType = sourcecode.swift; path = UserFollowersViewModel.swift; sourceTree = "<group>"; };
		2F71D4792BECF1E50051E211 /* Client.swift */ = {isa = PBXFileReference; lastKnownFileType = sourcecode.swift; path = Client.swift; sourceTree = "<group>"; };
		2F82C0402BE8094F001B9194 /* FollowersCollectionViewCell.swift */ = {isa = PBXFileReference; lastKnownFileType = sourcecode.swift; path = FollowersCollectionViewCell.swift; sourceTree = "<group>"; };
		2F82C0412BE8094F001B9194 /* FollowersCollectionViewCell.xib */ = {isa = PBXFileReference; lastKnownFileType = file.xib; path = FollowersCollectionViewCell.xib; sourceTree = "<group>"; };
		2F82C0442BE81514001B9194 /* GithubFollowerModel.swift */ = {isa = PBXFileReference; lastKnownFileType = sourcecode.swift; path = GithubFollowerModel.swift; sourceTree = "<group>"; };
		2F89B54E2BE3AF64002A2EEE /* GithubUserModel.swift */ = {isa = PBXFileReference; lastKnownFileType = sourcecode.swift; path = GithubUserModel.swift; sourceTree = "<group>"; };
		2F89B5502BE3BB6F002A2EEE /* GithubError.swift */ = {isa = PBXFileReference; lastKnownFileType = sourcecode.swift; path = GithubError.swift; sourceTree = "<group>"; };
		2F89B5522BE6B7DB002A2EEE /* PopUpViewController.swift */ = {isa = PBXFileReference; lastKnownFileType = sourcecode.swift; path = PopUpViewController.swift; sourceTree = "<group>"; };
		2F89B5532BE6B7DB002A2EEE /* PopUpViewController.xib */ = {isa = PBXFileReference; lastKnownFileType = file.xib; path = PopUpViewController.xib; sourceTree = "<group>"; };
		2F9C7AF92BE0D9CF0099F79C /* UserFollowersViewController.swift */ = {isa = PBXFileReference; lastKnownFileType = sourcecode.swift; path = UserFollowersViewController.swift; sourceTree = "<group>"; };
		2FA1955D2BFBD17E00996587 /* FollowersCellUIModel.swift */ = {isa = PBXFileReference; lastKnownFileType = sourcecode.swift; path = FollowersCellUIModel.swift; sourceTree = "<group>"; };
		2FD372A72BDA3BD70090A1B8 /* URLSession + CollectionView.app */ = {isa = PBXFileReference; explicitFileType = wrapper.application; includeInIndex = 0; path = "URLSession + CollectionView.app"; sourceTree = BUILT_PRODUCTS_DIR; };
		2FD372AA2BDA3BD70090A1B8 /* AppDelegate.swift */ = {isa = PBXFileReference; lastKnownFileType = sourcecode.swift; path = AppDelegate.swift; sourceTree = "<group>"; };
		2FD372AC2BDA3BD70090A1B8 /* SceneDelegate.swift */ = {isa = PBXFileReference; lastKnownFileType = sourcecode.swift; path = SceneDelegate.swift; sourceTree = "<group>"; };
		2FD372AE2BDA3BD70090A1B8 /* UserViewController.swift */ = {isa = PBXFileReference; lastKnownFileType = sourcecode.swift; path = UserViewController.swift; sourceTree = "<group>"; };
		2FD372B12BDA3BD70090A1B8 /* Base */ = {isa = PBXFileReference; lastKnownFileType = file.storyboard; name = Base; path = Base.lproj/Main.storyboard; sourceTree = "<group>"; };
		2FD372B32BDA3BD80090A1B8 /* Assets.xcassets */ = {isa = PBXFileReference; lastKnownFileType = folder.assetcatalog; path = Assets.xcassets; sourceTree = "<group>"; };
		2FD372B62BDA3BD80090A1B8 /* Base */ = {isa = PBXFileReference; lastKnownFileType = file.storyboard; name = Base; path = Base.lproj/LaunchScreen.storyboard; sourceTree = "<group>"; };
		2FD372B82BDA3BD80090A1B8 /* Info.plist */ = {isa = PBXFileReference; lastKnownFileType = text.plist.xml; path = Info.plist; sourceTree = "<group>"; };
		2FD372BE2BDA58410090A1B8 /* UserDetailsViewController.swift */ = {isa = PBXFileReference; lastKnownFileType = sourcecode.swift; path = UserDetailsViewController.swift; sourceTree = "<group>"; };
/* End PBXFileReference section */

/* Begin PBXFrameworksBuildPhase section */
		2FD372A42BDA3BD70090A1B8 /* Frameworks */ = {
			isa = PBXFrameworksBuildPhase;
			buildActionMask = 2147483647;
			files = (
			);
			runOnlyForDeploymentPostprocessing = 0;
		};
/* End PBXFrameworksBuildPhase section */

/* Begin PBXGroup section */
		2F3158002BF91723006E2968 /* Footer */ = {
			isa = PBXGroup;
			children = (
				2F3158032BF91F44006E2968 /* FooterReusableView.swift */,
			);
			path = Footer;
			sourceTree = "<group>";
		};
		2F71D4782BECF16F0051E211 /* Networking */ = {
			isa = PBXGroup;
			children = (
				2F71D4792BECF1E50051E211 /* Client.swift */,
			);
			path = Networking;
			sourceTree = "<group>";
		};
		2F82C03E2BE808FF001B9194 /* Pop Up */ = {
			isa = PBXGroup;
			children = (
				2F89B5522BE6B7DB002A2EEE /* PopUpViewController.swift */,
				2F89B5532BE6B7DB002A2EEE /* PopUpViewController.xib */,
			);
			path = "Pop Up";
			sourceTree = "<group>";
		};
		2F82C03F2BE80916001B9194 /* Custom Cell */ = {
			isa = PBXGroup;
			children = (
				2F82C0402BE8094F001B9194 /* FollowersCollectionViewCell.swift */,
				2F82C0412BE8094F001B9194 /* FollowersCollectionViewCell.xib */,
				2FA1955D2BFBD17E00996587 /* FollowersCellUIModel.swift */,
			);
			path = "Custom Cell";
			sourceTree = "<group>";
		};
		2F89B54A2BE3AEFE002A2EEE /* View Model */ = {
			isa = PBXGroup;
			children = (
				2F3158072BF927DF006E2968 /* UserViewModel.swift */,
				2F3158092BF927EF006E2968 /* UserDetailsViewModel.swift */,
				2F31580B2BF92801006E2968 /* UserFollowersViewModel.swift */,
			);
			path = "View Model";
			sourceTree = "<group>";
		};
		2F89B54D2BE3AF51002A2EEE /* Model */ = {
			isa = PBXGroup;
			children = (
				2F89B54E2BE3AF64002A2EEE /* GithubUserModel.swift */,
				2F82C0442BE81514001B9194 /* GithubFollowerModel.swift */,
				2F89B5502BE3BB6F002A2EEE /* GithubError.swift */,
			);
			path = Model;
			sourceTree = "<group>";
		};
		2F9C7AF72BE0D6980099F79C /* Controller */ = {
			isa = PBXGroup;
			children = (
				2FD372AE2BDA3BD70090A1B8 /* UserViewController.swift */,
				2FD372BE2BDA58410090A1B8 /* UserDetailsViewController.swift */,
				2F9C7AF92BE0D9CF0099F79C /* UserFollowersViewController.swift */,
			);
			path = Controller;
			sourceTree = "<group>";
		};
		2F9C7AF82BE0D6EE0099F79C /* View */ = {
			isa = PBXGroup;
			children = (
				2FD372B02BDA3BD70090A1B8 /* Main.storyboard */,
			);
			path = View;
			sourceTree = "<group>";
		};
		2FD3729E2BDA3BD70090A1B8 = {
			isa = PBXGroup;
			children = (
				2FD372A92BDA3BD70090A1B8 /* URLSession + CollectionView */,
				2FD372A82BDA3BD70090A1B8 /* Products */,
			);
			sourceTree = "<group>";
		};
		2FD372A82BDA3BD70090A1B8 /* Products */ = {
			isa = PBXGroup;
			children = (
				2FD372A72BDA3BD70090A1B8 /* URLSession + CollectionView.app */,
			);
			name = Products;
			sourceTree = "<group>";
		};
		2FD372A92BDA3BD70090A1B8 /* URLSession + CollectionView */ = {
			isa = PBXGroup;
			children = (
				2F9C7AF82BE0D6EE0099F79C /* View */,
				2F89B54D2BE3AF51002A2EEE /* Model */,
				2F9C7AF72BE0D6980099F79C /* Controller */,
				2F89B54A2BE3AEFE002A2EEE /* View Model */,
				2F3158002BF91723006E2968 /* Footer */,
				2F71D4782BECF16F0051E211 /* Networking */,
				2F82C03F2BE80916001B9194 /* Custom Cell */,
				2F82C03E2BE808FF001B9194 /* Pop Up */,
				2FD372AA2BDA3BD70090A1B8 /* AppDelegate.swift */,
				2FD372AC2BDA3BD70090A1B8 /* SceneDelegate.swift */,
				2FD372B32BDA3BD80090A1B8 /* Assets.xcassets */,
				2FD372B52BDA3BD80090A1B8 /* LaunchScreen.storyboard */,
				2FD372B82BDA3BD80090A1B8 /* Info.plist */,
			);
			path = "URLSession + CollectionView";
			sourceTree = "<group>";
		};
/* End PBXGroup section */

/* Begin PBXNativeTarget section */
		2FD372A62BDA3BD70090A1B8 /* URLSession + CollectionView */ = {
			isa = PBXNativeTarget;
			buildConfigurationList = 2FD372BB2BDA3BD80090A1B8 /* Build configuration list for PBXNativeTarget "URLSession + CollectionView" */;
			buildPhases = (
				2FD372A32BDA3BD70090A1B8 /* Sources */,
				2FD372A42BDA3BD70090A1B8 /* Frameworks */,
				2FD372A52BDA3BD70090A1B8 /* Resources */,
			);
			buildRules = (
			);
			dependencies = (
			);
			name = "URLSession + CollectionView";
			productName = "URLSession + CollectionView";
			productReference = 2FD372A72BDA3BD70090A1B8 /* URLSession + CollectionView.app */;
			productType = "com.apple.product-type.application";
		};
/* End PBXNativeTarget section */

/* Begin PBXProject section */
		2FD3729F2BDA3BD70090A1B8 /* Project object */ = {
			isa = PBXProject;
			attributes = {
				BuildIndependentTargetsInParallel = 1;
				LastSwiftUpdateCheck = 1520;
				LastUpgradeCheck = 1520;
				TargetAttributes = {
					2FD372A62BDA3BD70090A1B8 = {
						CreatedOnToolsVersion = 15.2;
					};
				};
			};
			buildConfigurationList = 2FD372A22BDA3BD70090A1B8 /* Build configuration list for PBXProject "URLSession + CollectionView" */;
			compatibilityVersion = "Xcode 14.0";
			developmentRegion = en;
			hasScannedForEncodings = 0;
			knownRegions = (
				en,
				Base,
			);
			mainGroup = 2FD3729E2BDA3BD70090A1B8;
			productRefGroup = 2FD372A82BDA3BD70090A1B8 /* Products */;
			projectDirPath = "";
			projectRoot = "";
			targets = (
				2FD372A62BDA3BD70090A1B8 /* URLSession + CollectionView */,
			);
		};
/* End PBXProject section */

/* Begin PBXResourcesBuildPhase section */
		2FD372A52BDA3BD70090A1B8 /* Resources */ = {
			isa = PBXResourcesBuildPhase;
			buildActionMask = 2147483647;
			files = (
				2FD372B72BDA3BD80090A1B8 /* LaunchScreen.storyboard in Resources */,
				2FD372B42BDA3BD80090A1B8 /* Assets.xcassets in Resources */,
				2FD372B22BDA3BD70090A1B8 /* Main.storyboard in Resources */,
				2F82C0432BE8094F001B9194 /* FollowersCollectionViewCell.xib in Resources */,
				2F89B5552BE6B7DB002A2EEE /* PopUpViewController.xib in Resources */,
			);
			runOnlyForDeploymentPostprocessing = 0;
		};
/* End PBXResourcesBuildPhase section */

/* Begin PBXSourcesBuildPhase section */
		2FD372A32BDA3BD70090A1B8 /* Sources */ = {
			isa = PBXSourcesBuildPhase;
			buildActionMask = 2147483647;
			files = (
				2F71D47A2BECF1E50051E211 /* Client.swift in Sources */,
				2FA1955E2BFBD17E00996587 /* FollowersCellUIModel.swift in Sources */,
				2FD372AF2BDA3BD70090A1B8 /* UserViewController.swift in Sources */,
				2F82C0422BE8094F001B9194 /* FollowersCollectionViewCell.swift in Sources */,
				2F89B5512BE3BB6F002A2EEE /* GithubError.swift in Sources */,
				2F82C0452BE81514001B9194 /* GithubFollowerModel.swift in Sources */,
				2F3158082BF927DF006E2968 /* UserViewModel.swift in Sources */,
				2FD372AB2BDA3BD70090A1B8 /* AppDelegate.swift in Sources */,
				2FD372BF2BDA58410090A1B8 /* UserDetailsViewController.swift in Sources */,
				2FD372AD2BDA3BD70090A1B8 /* SceneDelegate.swift in Sources */,
				2F89B54F2BE3AF64002A2EEE /* GithubUserModel.swift in Sources */,
				2F31580A2BF927EF006E2968 /* UserDetailsViewModel.swift in Sources */,
				2F89B5542BE6B7DB002A2EEE /* PopUpViewController.swift in Sources */,
				2F3158052BF91F44006E2968 /* FooterReusableView.swift in Sources */,
				2F9C7AFA2BE0D9CF0099F79C /* UserFollowersViewController.swift in Sources */,
				2F31580C2BF92801006E2968 /* UserFollowersViewModel.swift in Sources */,
			);
			runOnlyForDeploymentPostprocessing = 0;
		};
/* End PBXSourcesBuildPhase section */

/* Begin PBXVariantGroup section */
		2FD372B02BDA3BD70090A1B8 /* Main.storyboard */ = {
			isa = PBXVariantGroup;
			children = (
				2FD372B12BDA3BD70090A1B8 /* Base */,
			);
			name = Main.storyboard;
			sourceTree = "<group>";
		};
		2FD372B52BDA3BD80090A1B8 /* LaunchScreen.storyboard */ = {
			isa = PBXVariantGroup;
			children = (
				2FD372B62BDA3BD80090A1B8 /* Base */,
			);
			name = LaunchScreen.storyboard;
			sourceTree = "<group>";
		};
/* End PBXVariantGroup section */

/* Begin XCBuildConfiguration section */
		2FD372B92BDA3BD80090A1B8 /* Debug */ = {
			isa = XCBuildConfiguration;
			buildSettings = {
				ALWAYS_SEARCH_USER_PATHS = NO;
				ASSETCATALOG_COMPILER_GENERATE_SWIFT_ASSET_SYMBOL_EXTENSIONS = YES;
				CLANG_ANALYZER_NONNULL = YES;
				CLANG_ANALYZER_NUMBER_OBJECT_CONVERSION = YES_AGGRESSIVE;
				CLANG_CXX_LANGUAGE_STANDARD = "gnu++20";
				CLANG_ENABLE_MODULES = YES;
				CLANG_ENABLE_OBJC_ARC = YES;
				CLANG_ENABLE_OBJC_WEAK = YES;
				CLANG_WARN_BLOCK_CAPTURE_AUTORELEASING = YES;
				CLANG_WARN_BOOL_CONVERSION = YES;
				CLANG_WARN_COMMA = YES;
				CLANG_WARN_CONSTANT_CONVERSION = YES;
				CLANG_WARN_DEPRECATED_OBJC_IMPLEMENTATIONS = YES;
				CLANG_WARN_DIRECT_OBJC_ISA_USAGE = YES_ERROR;
				CLANG_WARN_DOCUMENTATION_COMMENTS = YES;
				CLANG_WARN_EMPTY_BODY = YES;
				CLANG_WARN_ENUM_CONVERSION = YES;
				CLANG_WARN_INFINITE_RECURSION = YES;
				CLANG_WARN_INT_CONVERSION = YES;
				CLANG_WARN_NON_LITERAL_NULL_CONVERSION = YES;
				CLANG_WARN_OBJC_IMPLICIT_RETAIN_SELF = YES;
				CLANG_WARN_OBJC_LITERAL_CONVERSION = YES;
				CLANG_WARN_OBJC_ROOT_CLASS = YES_ERROR;
				CLANG_WARN_QUOTED_INCLUDE_IN_FRAMEWORK_HEADER = YES;
				CLANG_WARN_RANGE_LOOP_ANALYSIS = YES;
				CLANG_WARN_STRICT_PROTOTYPES = YES;
				CLANG_WARN_SUSPICIOUS_MOVE = YES;
				CLANG_WARN_UNGUARDED_AVAILABILITY = YES_AGGRESSIVE;
				CLANG_WARN_UNREACHABLE_CODE = YES;
				CLANG_WARN__DUPLICATE_METHOD_MATCH = YES;
				COPY_PHASE_STRIP = NO;
				DEBUG_INFORMATION_FORMAT = dwarf;
				ENABLE_STRICT_OBJC_MSGSEND = YES;
				ENABLE_TESTABILITY = YES;
				ENABLE_USER_SCRIPT_SANDBOXING = YES;
				GCC_C_LANGUAGE_STANDARD = gnu17;
				GCC_DYNAMIC_NO_PIC = NO;
				GCC_NO_COMMON_BLOCKS = YES;
				GCC_OPTIMIZATION_LEVEL = 0;
				GCC_PREPROCESSOR_DEFINITIONS = (
					"DEBUG=1",
					"$(inherited)",
				);
				GCC_WARN_64_TO_32_BIT_CONVERSION = YES;
				GCC_WARN_ABOUT_RETURN_TYPE = YES_ERROR;
				GCC_WARN_UNDECLARED_SELECTOR = YES;
				GCC_WARN_UNINITIALIZED_AUTOS = YES_AGGRESSIVE;
				GCC_WARN_UNUSED_FUNCTION = YES;
				GCC_WARN_UNUSED_VARIABLE = YES;
				IPHONEOS_DEPLOYMENT_TARGET = 17.2;
				LOCALIZATION_PREFERS_STRING_CATALOGS = YES;
				MTL_ENABLE_DEBUG_INFO = INCLUDE_SOURCE;
				MTL_FAST_MATH = YES;
				ONLY_ACTIVE_ARCH = YES;
				SDKROOT = iphoneos;
				SWIFT_ACTIVE_COMPILATION_CONDITIONS = "DEBUG $(inherited)";
				SWIFT_OPTIMIZATION_LEVEL = "-Onone";
			};
			name = Debug;
		};
		2FD372BA2BDA3BD80090A1B8 /* Release */ = {
			isa = XCBuildConfiguration;
			buildSettings = {
				ALWAYS_SEARCH_USER_PATHS = NO;
				ASSETCATALOG_COMPILER_GENERATE_SWIFT_ASSET_SYMBOL_EXTENSIONS = YES;
				CLANG_ANALYZER_NONNULL = YES;
				CLANG_ANALYZER_NUMBER_OBJECT_CONVERSION = YES_AGGRESSIVE;
				CLANG_CXX_LANGUAGE_STANDARD = "gnu++20";
				CLANG_ENABLE_MODULES = YES;
				CLANG_ENABLE_OBJC_ARC = YES;
				CLANG_ENABLE_OBJC_WEAK = YES;
				CLANG_WARN_BLOCK_CAPTURE_AUTORELEASING = YES;
				CLANG_WARN_BOOL_CONVERSION = YES;
				CLANG_WARN_COMMA = YES;
				CLANG_WARN_CONSTANT_CONVERSION = YES;
				CLANG_WARN_DEPRECATED_OBJC_IMPLEMENTATIONS = YES;
				CLANG_WARN_DIRECT_OBJC_ISA_USAGE = YES_ERROR;
				CLANG_WARN_DOCUMENTATION_COMMENTS = YES;
				CLANG_WARN_EMPTY_BODY = YES;
				CLANG_WARN_ENUM_CONVERSION = YES;
				CLANG_WARN_INFINITE_RECURSION = YES;
				CLANG_WARN_INT_CONVERSION = YES;
				CLANG_WARN_NON_LITERAL_NULL_CONVERSION = YES;
				CLANG_WARN_OBJC_IMPLICIT_RETAIN_SELF = YES;
				CLANG_WARN_OBJC_LITERAL_CONVERSION = YES;
				CLANG_WARN_OBJC_ROOT_CLASS = YES_ERROR;
				CLANG_WARN_QUOTED_INCLUDE_IN_FRAMEWORK_HEADER = YES;
				CLANG_WARN_RANGE_LOOP_ANALYSIS = YES;
				CLANG_WARN_STRICT_PROTOTYPES = YES;
				CLANG_WARN_SUSPICIOUS_MOVE = YES;
				CLANG_WARN_UNGUARDED_AVAILABILITY = YES_AGGRESSIVE;
				CLANG_WARN_UNREACHABLE_CODE = YES;
				CLANG_WARN__DUPLICATE_METHOD_MATCH = YES;
				COPY_PHASE_STRIP = NO;
				DEBUG_INFORMATION_FORMAT = "dwarf-with-dsym";
				ENABLE_NS_ASSERTIONS = NO;
				ENABLE_STRICT_OBJC_MSGSEND = YES;
				ENABLE_USER_SCRIPT_SANDBOXING = YES;
				GCC_C_LANGUAGE_STANDARD = gnu17;
				GCC_NO_COMMON_BLOCKS = YES;
				GCC_WARN_64_TO_32_BIT_CONVERSION = YES;
				GCC_WARN_ABOUT_RETURN_TYPE = YES_ERROR;
				GCC_WARN_UNDECLARED_SELECTOR = YES;
				GCC_WARN_UNINITIALIZED_AUTOS = YES_AGGRESSIVE;
				GCC_WARN_UNUSED_FUNCTION = YES;
				GCC_WARN_UNUSED_VARIABLE = YES;
				IPHONEOS_DEPLOYMENT_TARGET = 17.2;
				LOCALIZATION_PREFERS_STRING_CATALOGS = YES;
				MTL_ENABLE_DEBUG_INFO = NO;
				MTL_FAST_MATH = YES;
				SDKROOT = iphoneos;
				SWIFT_COMPILATION_MODE = wholemodule;
				VALIDATE_PRODUCT = YES;
			};
			name = Release;
		};
		2FD372BC2BDA3BD80090A1B8 /* Debug */ = {
			isa = XCBuildConfiguration;
			buildSettings = {
				ASSETCATALOG_COMPILER_APPICON_NAME = AppIcon;
				ASSETCATALOG_COMPILER_GLOBAL_ACCENT_COLOR_NAME = AccentColor;
				CODE_SIGN_STYLE = Automatic;
				CURRENT_PROJECT_VERSION = 1;
				DEVELOPMENT_TEAM = GDC5ZZ96L5;
				GENERATE_INFOPLIST_FILE = YES;
				INFOPLIST_FILE = "URLSession + CollectionView/Info.plist";
				INFOPLIST_KEY_UIApplicationSupportsIndirectInputEvents = YES;
				INFOPLIST_KEY_UILaunchStoryboardName = LaunchScreen;
				INFOPLIST_KEY_UIMainStoryboardFile = Main;
				INFOPLIST_KEY_UISupportedInterfaceOrientations_iPad = "UIInterfaceOrientationPortrait UIInterfaceOrientationPortraitUpsideDown UIInterfaceOrientationLandscapeLeft UIInterfaceOrientationLandscapeRight";
				INFOPLIST_KEY_UISupportedInterfaceOrientations_iPhone = "UIInterfaceOrientationPortrait UIInterfaceOrientationLandscapeLeft UIInterfaceOrientationLandscapeRight";
				LD_RUNPATH_SEARCH_PATHS = (
					"$(inherited)",
					"@executable_path/Frameworks",
				);
				MARKETING_VERSION = 1.0;
				PRODUCT_BUNDLE_IDENTIFIER = "cm.wasan.URLSession---CollectionView";
				PRODUCT_NAME = "$(TARGET_NAME)";
				SWIFT_EMIT_LOC_STRINGS = YES;
				SWIFT_VERSION = 5.0;
				TARGETED_DEVICE_FAMILY = "1,2";
			};
			name = Debug;
		};
		2FD372BD2BDA3BD80090A1B8 /* Release */ = {
			isa = XCBuildConfiguration;
			buildSettings = {
				ASSETCATALOG_COMPILER_APPICON_NAME = AppIcon;
				ASSETCATALOG_COMPILER_GLOBAL_ACCENT_COLOR_NAME = AccentColor;
				CODE_SIGN_STYLE = Automatic;
				CURRENT_PROJECT_VERSION = 1;
				DEVELOPMENT_TEAM = GDC5ZZ96L5;
				GENERATE_INFOPLIST_FILE = YES;
				INFOPLIST_FILE = "URLSession + CollectionView/Info.plist";
				INFOPLIST_KEY_UIApplicationSupportsIndirectInputEvents = YES;
				INFOPLIST_KEY_UILaunchStoryboardName = LaunchScreen;
				INFOPLIST_KEY_UIMainStoryboardFile = Main;
				INFOPLIST_KEY_UISupportedInterfaceOrientations_iPad = "UIInterfaceOrientationPortrait UIInterfaceOrientationPortraitUpsideDown UIInterfaceOrientationLandscapeLeft UIInterfaceOrientationLandscapeRight";
				INFOPLIST_KEY_UISupportedInterfaceOrientations_iPhone = "UIInterfaceOrientationPortrait UIInterfaceOrientationLandscapeLeft UIInterfaceOrientationLandscapeRight";
				LD_RUNPATH_SEARCH_PATHS = (
					"$(inherited)",
					"@executable_path/Frameworks",
				);
				MARKETING_VERSION = 1.0;
				PRODUCT_BUNDLE_IDENTIFIER = "cm.wasan.URLSession---CollectionView";
				PRODUCT_NAME = "$(TARGET_NAME)";
				SWIFT_EMIT_LOC_STRINGS = YES;
				SWIFT_VERSION = 5.0;
				TARGETED_DEVICE_FAMILY = "1,2";
			};
			name = Release;
		};
/* End XCBuildConfiguration section */

/* Begin XCConfigurationList section */
		2FD372A22BDA3BD70090A1B8 /* Build configuration list for PBXProject "URLSession + CollectionView" */ = {
			isa = XCConfigurationList;
			buildConfigurations = (
				2FD372B92BDA3BD80090A1B8 /* Debug */,
				2FD372BA2BDA3BD80090A1B8 /* Release */,
			);
			defaultConfigurationIsVisible = 0;
			defaultConfigurationName = Release;
		};
		2FD372BB2BDA3BD80090A1B8 /* Build configuration list for PBXNativeTarget "URLSession + CollectionView" */ = {
			isa = XCConfigurationList;
			buildConfigurations = (
				2FD372BC2BDA3BD80090A1B8 /* Debug */,
				2FD372BD2BDA3BD80090A1B8 /* Release */,
			);
			defaultConfigurationIsVisible = 0;
			defaultConfigurationName = Release;
		};
/* End XCConfigurationList section */
	};
	rootObject = 2FD3729F2BDA3BD70090A1B8 /* Project object */;
}
